
Microsoft Visual Studio Solution File, Format Version 12.00
# Visual Studio 2013
VisualStudioVersion = 12.0.30723.0
MinimumVisualStudioVersion = 10.0.40219.1
Project("{FAE04EC0-301F-11D3-BF4B-00C04F79EFBC}") = "loadify", "loadify\loadify.csproj", "{2CBA5C7F-2B7B-48A6-8F9D-FD89EC5EBCBE}"
EndProject
Global
	GlobalSection(SolutionConfigurationPlatforms) = preSolution
		Debug|Any CPU = Debug|Any CPU
		Debug|x86 = Debug|x86
		Release|Any CPU = Release|Any CPU
		Release|x86 = Release|x86
	EndGlobalSection
	GlobalSection(ProjectConfigurationPlatforms) = postSolution
		{2CBA5C7F-2B7B-48A6-8F9D-FD89EC5EBCBE}.Debug|Any CPU.ActiveCfg = Debug|x86
		{2CBA5C7F-2B7B-48A6-8F9D-FD89EC5EBCBE}.Debug|Any CPU.Build.0 = Debug|x86
		{2CBA5C7F-2B7B-48A6-8F9D-FD89EC5EBCBE}.Debug|x86.ActiveCfg = Debug|x86
		{2CBA5C7F-2B7B-48A6-8F9D-FD89EC5EBCBE}.Debug|x86.Build.0 = Debug|x86
		{2CBA5C7F-2B7B-48A6-8F9D-FD89EC5EBCBE}.Release|Any CPU.ActiveCfg = Release|x86
		{2CBA5C7F-2B7B-48A6-8F9D-FD89EC5EBCBE}.Release|Any CPU.Build.0 = Release|x86
		{2CBA5C7F-2B7B-48A6-8F9D-FD89EC5EBCBE}.Release|x86.ActiveCfg = Release|x86
		{2CBA5C7F-2B7B-48A6-8F9D-FD89EC5EBCBE}.Release|x86.Build.0 = Release|x86
	EndGlobalSection
	GlobalSection(SolutionProperties) = preSolution
		HideSolutionNode = FALSE
	EndGlobalSection
EndGlobal
