
Microsoft Visual Studio Solution File, Format Version 11.00
# Visual Studio 2010
Project("{FAE04EC0-301F-11D3-BF4B-00C04F79EFBC}") = "ApiParser", "ApiParser\ApiParser.csproj", "{B4D0F1CC-A5D5-416C-BB12-031E61C4A47D}"
EndProject
Project("{FAE04EC0-301F-11D3-BF4B-00C04F79EFBC}") = "ManagedApiBuilder", "ManagedApiBuilder\ManagedApiBuilder.csproj", "{D7E6E4EC-075B-43F3-8B88-C65C43C25867}"
EndProject
Project("{FAE04EC0-301F-11D3-BF4B-00C04F79EFBC}") = "ohLibSpotify", "ohLibSpotify\ohLibSpotify.csproj", "{39F7268A-8C23-4434-95AA-2DE39A8AEE36}"
EndProject
Project("{FAE04EC0-301F-11D3-BF4B-00C04F79EFBC}") = "SpShellSharp", "SpShellSharp\SpShellSharp.csproj", "{387D7BAA-9FE6-4E11-88DC-BA44F6FC44E2}"
EndProject
Project("{FAE04EC0-301F-11D3-BF4B-00C04F79EFBC}") = "ToolTests", "ToolTests\ToolTests.csproj", "{90D9B4DC-2581-4443-8E3D-7381E5227EB3}"
EndProject
Global
	GlobalSection(SolutionConfigurationPlatforms) = preSolution
		Debug|iOs-armv6 = Debug|iOs-armv6
		Debug|iOs-armv7 = Debug|iOs-armv7
		Debug|iOs-x86 = Debug|iOs-x86
		Debug|Linux-armv5 = Debug|Linux-armv5
		Debug|Linux-armv6 = Debug|Linux-armv6
		Debug|Linux-armv7 = Debug|Linux-armv7
		Debug|Linux-x64 = Debug|Linux-x64
		Debug|Linux-x86 = Debug|Linux-x86
		Debug|Mac-x64 = Debug|Mac-x64
		Debug|Mac-x86 = Debug|Mac-x86
		Debug|Windows-x86 = Debug|Windows-x86
		Release|iOs-armv6 = Release|iOs-armv6
		Release|iOs-armv7 = Release|iOs-armv7
		Release|iOs-x86 = Release|iOs-x86
		Release|Linux-armv5 = Release|Linux-armv5
		Release|Linux-armv6 = Release|Linux-armv6
		Release|Linux-armv7 = Release|Linux-armv7
		Release|Linux-x64 = Release|Linux-x64
		Release|Linux-x86 = Release|Linux-x86
		Release|Mac-x64 = Release|Mac-x64
		Release|Mac-x86 = Release|Mac-x86
		Release|Windows-x86 = Release|Windows-x86
	EndGlobalSection
	GlobalSection(ProjectConfigurationPlatforms) = postSolution
		{B4D0F1CC-A5D5-416C-BB12-031E61C4A47D}.Debug|iOs-armv6.ActiveCfg = Debug|Any CPU
		{B4D0F1CC-A5D5-416C-BB12-031E61C4A47D}.Debug|iOs-armv6.Build.0 = Debug|Any CPU
		{B4D0F1CC-A5D5-416C-BB12-031E61C4A47D}.Debug|iOs-armv7.ActiveCfg = Debug|Any CPU
		{B4D0F1CC-A5D5-416C-BB12-031E61C4A47D}.Debug|iOs-armv7.Build.0 = Debug|Any CPU
		{B4D0F1CC-A5D5-416C-BB12-031E61C4A47D}.Debug|iOs-x86.ActiveCfg = Debug|Any CPU
		{B4D0F1CC-A5D5-416C-BB12-031E61C4A47D}.Debug|iOs-x86.Build.0 = Debug|Any CPU
		{B4D0F1CC-A5D5-416C-BB12-031E61C4A47D}.Debug|Linux-armv5.ActiveCfg = Debug|Any CPU
		{B4D0F1CC-A5D5-416C-BB12-031E61C4A47D}.Debug|Linux-armv5.Build.0 = Debug|Any CPU
		{B4D0F1CC-A5D5-416C-BB12-031E61C4A47D}.Debug|Linux-armv6.ActiveCfg = Debug|Any CPU
		{B4D0F1CC-A5D5-416C-BB12-031E61C4A47D}.Debug|Linux-armv6.Build.0 = Debug|Any CPU
		{B4D0F1CC-A5D5-416C-BB12-031E61C4A47D}.Debug|Linux-armv7.ActiveCfg = Debug|Any CPU
		{B4D0F1CC-A5D5-416C-BB12-031E61C4A47D}.Debug|Linux-armv7.Build.0 = Debug|Any CPU
		{B4D0F1CC-A5D5-416C-BB12-031E61C4A47D}.Debug|Linux-x64.ActiveCfg = Debug|Any CPU
		{B4D0F1CC-A5D5-416C-BB12-031E61C4A47D}.Debug|Linux-x64.Build.0 = Debug|Any CPU
		{B4D0F1CC-A5D5-416C-BB12-031E61C4A47D}.Debug|Linux-x86.ActiveCfg = Debug|Any CPU
		{B4D0F1CC-A5D5-416C-BB12-031E61C4A47D}.Debug|Linux-x86.Build.0 = Debug|Any CPU
		{B4D0F1CC-A5D5-416C-BB12-031E61C4A47D}.Debug|Mac-x64.ActiveCfg = Debug|Any CPU
		{B4D0F1CC-A5D5-416C-BB12-031E61C4A47D}.Debug|Mac-x64.Build.0 = Debug|Any CPU
		{B4D0F1CC-A5D5-416C-BB12-031E61C4A47D}.Debug|Mac-x86.ActiveCfg = Debug|Any CPU
		{B4D0F1CC-A5D5-416C-BB12-031E61C4A47D}.Debug|Mac-x86.Build.0 = Debug|Any CPU
		{B4D0F1CC-A5D5-416C-BB12-031E61C4A47D}.Debug|Windows-x86.ActiveCfg = Debug|Any CPU
		{B4D0F1CC-A5D5-416C-BB12-031E61C4A47D}.Debug|Windows-x86.Build.0 = Debug|Any CPU
		{B4D0F1CC-A5D5-416C-BB12-031E61C4A47D}.Release|iOs-armv6.ActiveCfg = Release|Any CPU
		{B4D0F1CC-A5D5-416C-BB12-031E61C4A47D}.Release|iOs-armv6.Build.0 = Release|Any CPU
		{B4D0F1CC-A5D5-416C-BB12-031E61C4A47D}.Release|iOs-armv7.ActiveCfg = Release|Any CPU
		{B4D0F1CC-A5D5-416C-BB12-031E61C4A47D}.Release|iOs-armv7.Build.0 = Release|Any CPU
		{B4D0F1CC-A5D5-416C-BB12-031E61C4A47D}.Release|iOs-x86.ActiveCfg = Release|Any CPU
		{B4D0F1CC-A5D5-416C-BB12-031E61C4A47D}.Release|iOs-x86.Build.0 = Release|Any CPU
		{B4D0F1CC-A5D5-416C-BB12-031E61C4A47D}.Release|Linux-armv5.ActiveCfg = Release|Any CPU
		{B4D0F1CC-A5D5-416C-BB12-031E61C4A47D}.Release|Linux-armv5.Build.0 = Release|Any CPU
		{B4D0F1CC-A5D5-416C-BB12-031E61C4A47D}.Release|Linux-armv6.ActiveCfg = Release|Any CPU
		{B4D0F1CC-A5D5-416C-BB12-031E61C4A47D}.Release|Linux-armv6.Build.0 = Release|Any CPU
		{B4D0F1CC-A5D5-416C-BB12-031E61C4A47D}.Release|Linux-armv7.ActiveCfg = Release|Any CPU
		{B4D0F1CC-A5D5-416C-BB12-031E61C4A47D}.Release|Linux-armv7.Build.0 = Release|Any CPU
		{B4D0F1CC-A5D5-416C-BB12-031E61C4A47D}.Release|Linux-x64.ActiveCfg = Release|Any CPU
		{B4D0F1CC-A5D5-416C-BB12-031E61C4A47D}.Release|Linux-x64.Build.0 = Release|Any CPU
		{B4D0F1CC-A5D5-416C-BB12-031E61C4A47D}.Release|Linux-x86.ActiveCfg = Release|Any CPU
		{B4D0F1CC-A5D5-416C-BB12-031E61C4A47D}.Release|Linux-x86.Build.0 = Release|Any CPU
		{B4D0F1CC-A5D5-416C-BB12-031E61C4A47D}.Release|Mac-x64.ActiveCfg = Release|Any CPU
		{B4D0F1CC-A5D5-416C-BB12-031E61C4A47D}.Release|Mac-x64.Build.0 = Release|Any CPU
		{B4D0F1CC-A5D5-416C-BB12-031E61C4A47D}.Release|Mac-x86.ActiveCfg = Release|Any CPU
		{B4D0F1CC-A5D5-416C-BB12-031E61C4A47D}.Release|Mac-x86.Build.0 = Release|Any CPU
		{B4D0F1CC-A5D5-416C-BB12-031E61C4A47D}.Release|Windows-x86.ActiveCfg = Release|Any CPU
		{B4D0F1CC-A5D5-416C-BB12-031E61C4A47D}.Release|Windows-x86.Build.0 = Release|Any CPU
		{D7E6E4EC-075B-43F3-8B88-C65C43C25867}.Debug|iOs-armv6.ActiveCfg = Debug|Any CPU
		{D7E6E4EC-075B-43F3-8B88-C65C43C25867}.Debug|iOs-armv6.Build.0 = Debug|Any CPU
		{D7E6E4EC-075B-43F3-8B88-C65C43C25867}.Debug|iOs-armv7.ActiveCfg = Debug|Any CPU
		{D7E6E4EC-075B-43F3-8B88-C65C43C25867}.Debug|iOs-armv7.Build.0 = Debug|Any CPU
		{D7E6E4EC-075B-43F3-8B88-C65C43C25867}.Debug|iOs-x86.ActiveCfg = Debug|Any CPU
		{D7E6E4EC-075B-43F3-8B88-C65C43C25867}.Debug|iOs-x86.Build.0 = Debug|Any CPU
		{D7E6E4EC-075B-43F3-8B88-C65C43C25867}.Debug|Linux-armv5.ActiveCfg = Debug|Any CPU
		{D7E6E4EC-075B-43F3-8B88-C65C43C25867}.Debug|Linux-armv5.Build.0 = Debug|Any CPU
		{D7E6E4EC-075B-43F3-8B88-C65C43C25867}.Debug|Linux-armv6.ActiveCfg = Debug|Any CPU
		{D7E6E4EC-075B-43F3-8B88-C65C43C25867}.Debug|Linux-armv6.Build.0 = Debug|Any CPU
		{D7E6E4EC-075B-43F3-8B88-C65C43C25867}.Debug|Linux-armv7.ActiveCfg = Debug|Any CPU
		{D7E6E4EC-075B-43F3-8B88-C65C43C25867}.Debug|Linux-armv7.Build.0 = Debug|Any CPU
		{D7E6E4EC-075B-43F3-8B88-C65C43C25867}.Debug|Linux-x64.ActiveCfg = Debug|Any CPU
		{D7E6E4EC-075B-43F3-8B88-C65C43C25867}.Debug|Linux-x64.Build.0 = Debug|Any CPU
		{D7E6E4EC-075B-43F3-8B88-C65C43C25867}.Debug|Linux-x86.ActiveCfg = Debug|Any CPU
		{D7E6E4EC-075B-43F3-8B88-C65C43C25867}.Debug|Linux-x86.Build.0 = Debug|Any CPU
		{D7E6E4EC-075B-43F3-8B88-C65C43C25867}.Debug|Mac-x64.ActiveCfg = Debug|Any CPU
		{D7E6E4EC-075B-43F3-8B88-C65C43C25867}.Debug|Mac-x64.Build.0 = Debug|Any CPU
		{D7E6E4EC-075B-43F3-8B88-C65C43C25867}.Debug|Mac-x86.ActiveCfg = Debug|Any CPU
		{D7E6E4EC-075B-43F3-8B88-C65C43C25867}.Debug|Mac-x86.Build.0 = Debug|Any CPU
		{D7E6E4EC-075B-43F3-8B88-C65C43C25867}.Debug|Windows-x86.ActiveCfg = Debug|Any CPU
		{D7E6E4EC-075B-43F3-8B88-C65C43C25867}.Debug|Windows-x86.Build.0 = Debug|Any CPU
		{D7E6E4EC-075B-43F3-8B88-C65C43C25867}.Release|iOs-armv6.ActiveCfg = Release|Any CPU
		{D7E6E4EC-075B-43F3-8B88-C65C43C25867}.Release|iOs-armv6.Build.0 = Release|Any CPU
		{D7E6E4EC-075B-43F3-8B88-C65C43C25867}.Release|iOs-armv7.ActiveCfg = Release|Any CPU
		{D7E6E4EC-075B-43F3-8B88-C65C43C25867}.Release|iOs-armv7.Build.0 = Release|Any CPU
		{D7E6E4EC-075B-43F3-8B88-C65C43C25867}.Release|iOs-x86.ActiveCfg = Release|Any CPU
		{D7E6E4EC-075B-43F3-8B88-C65C43C25867}.Release|iOs-x86.Build.0 = Release|Any CPU
		{D7E6E4EC-075B-43F3-8B88-C65C43C25867}.Release|Linux-armv5.ActiveCfg = Release|Any CPU
		{D7E6E4EC-075B-43F3-8B88-C65C43C25867}.Release|Linux-armv5.Build.0 = Release|Any CPU
		{D7E6E4EC-075B-43F3-8B88-C65C43C25867}.Release|Linux-armv6.ActiveCfg = Release|Any CPU
		{D7E6E4EC-075B-43F3-8B88-C65C43C25867}.Release|Linux-armv6.Build.0 = Release|Any CPU
		{D7E6E4EC-075B-43F3-8B88-C65C43C25867}.Release|Linux-armv7.ActiveCfg = Release|Any CPU
		{D7E6E4EC-075B-43F3-8B88-C65C43C25867}.Release|Linux-armv7.Build.0 = Release|Any CPU
		{D7E6E4EC-075B-43F3-8B88-C65C43C25867}.Release|Linux-x64.ActiveCfg = Release|Any CPU
		{D7E6E4EC-075B-43F3-8B88-C65C43C25867}.Release|Linux-x64.Build.0 = Release|Any CPU
		{D7E6E4EC-075B-43F3-8B88-C65C43C25867}.Release|Linux-x86.ActiveCfg = Release|Any CPU
		{D7E6E4EC-075B-43F3-8B88-C65C43C25867}.Release|Linux-x86.Build.0 = Release|Any CPU
		{D7E6E4EC-075B-43F3-8B88-C65C43C25867}.Release|Mac-x64.ActiveCfg = Release|Any CPU
		{D7E6E4EC-075B-43F3-8B88-C65C43C25867}.Release|Mac-x64.Build.0 = Release|Any CPU
		{D7E6E4EC-075B-43F3-8B88-C65C43C25867}.Release|Mac-x86.ActiveCfg = Release|Any CPU
		{D7E6E4EC-075B-43F3-8B88-C65C43C25867}.Release|Mac-x86.Build.0 = Release|Any CPU
		{D7E6E4EC-075B-43F3-8B88-C65C43C25867}.Release|Windows-x86.ActiveCfg = Release|Any CPU
		{D7E6E4EC-075B-43F3-8B88-C65C43C25867}.Release|Windows-x86.Build.0 = Release|Any CPU
		{39F7268A-8C23-4434-95AA-2DE39A8AEE36}.Debug|iOs-armv6.ActiveCfg = Debug|iOs-armv6
		{39F7268A-8C23-4434-95AA-2DE39A8AEE36}.Debug|iOs-armv6.Build.0 = Debug|iOs-armv6
		{39F7268A-8C23-4434-95AA-2DE39A8AEE36}.Debug|iOs-armv7.ActiveCfg = Debug|iOs-armv7
		{39F7268A-8C23-4434-95AA-2DE39A8AEE36}.Debug|iOs-armv7.Build.0 = Debug|iOs-armv7
		{39F7268A-8C23-4434-95AA-2DE39A8AEE36}.Debug|iOs-x86.ActiveCfg = Debug|iOs-x86
		{39F7268A-8C23-4434-95AA-2DE39A8AEE36}.Debug|iOs-x86.Build.0 = Debug|iOs-x86
		{39F7268A-8C23-4434-95AA-2DE39A8AEE36}.Debug|Linux-armv5.ActiveCfg = Debug|Linux-armv5
		{39F7268A-8C23-4434-95AA-2DE39A8AEE36}.Debug|Linux-armv5.Build.0 = Debug|Linux-armv5
		{39F7268A-8C23-4434-95AA-2DE39A8AEE36}.Debug|Linux-armv6.ActiveCfg = Debug|Linux-armv6
		{39F7268A-8C23-4434-95AA-2DE39A8AEE36}.Debug|Linux-armv6.Build.0 = Debug|Linux-armv6
		{39F7268A-8C23-4434-95AA-2DE39A8AEE36}.Debug|Linux-armv7.ActiveCfg = Debug|Linux-armv7
		{39F7268A-8C23-4434-95AA-2DE39A8AEE36}.Debug|Linux-armv7.Build.0 = Debug|Linux-armv7
		{39F7268A-8C23-4434-95AA-2DE39A8AEE36}.Debug|Linux-x64.ActiveCfg = Debug|Linux-x64
		{39F7268A-8C23-4434-95AA-2DE39A8AEE36}.Debug|Linux-x64.Build.0 = Debug|Linux-x64
		{39F7268A-8C23-4434-95AA-2DE39A8AEE36}.Debug|Linux-x86.ActiveCfg = Debug|Linux-x86
		{39F7268A-8C23-4434-95AA-2DE39A8AEE36}.Debug|Linux-x86.Build.0 = Debug|Linux-x86
		{39F7268A-8C23-4434-95AA-2DE39A8AEE36}.Debug|Mac-x64.ActiveCfg = Debug|Mac-x64
		{39F7268A-8C23-4434-95AA-2DE39A8AEE36}.Debug|Mac-x64.Build.0 = Debug|Mac-x64
		{39F7268A-8C23-4434-95AA-2DE39A8AEE36}.Debug|Mac-x86.ActiveCfg = Debug|Mac-x86
		{39F7268A-8C23-4434-95AA-2DE39A8AEE36}.Debug|Mac-x86.Build.0 = Debug|Mac-x86
		{39F7268A-8C23-4434-95AA-2DE39A8AEE36}.Debug|Windows-x86.ActiveCfg = Debug|Windows-x86
		{39F7268A-8C23-4434-95AA-2DE39A8AEE36}.Debug|Windows-x86.Build.0 = Debug|Windows-x86
		{39F7268A-8C23-4434-95AA-2DE39A8AEE36}.Release|iOs-armv6.ActiveCfg = Release|iOs-armv6
		{39F7268A-8C23-4434-95AA-2DE39A8AEE36}.Release|iOs-armv6.Build.0 = Release|iOs-armv6
		{39F7268A-8C23-4434-95AA-2DE39A8AEE36}.Release|iOs-armv7.ActiveCfg = Release|iOs-armv7
		{39F7268A-8C23-4434-95AA-2DE39A8AEE36}.Release|iOs-armv7.Build.0 = Release|iOs-armv7
		{39F7268A-8C23-4434-95AA-2DE39A8AEE36}.Release|iOs-x86.ActiveCfg = Release|iOs-x86
		{39F7268A-8C23-4434-95AA-2DE39A8AEE36}.Release|iOs-x86.Build.0 = Release|iOs-x86
		{39F7268A-8C23-4434-95AA-2DE39A8AEE36}.Release|Linux-armv5.ActiveCfg = Release|Linux-armv5
		{39F7268A-8C23-4434-95AA-2DE39A8AEE36}.Release|Linux-armv5.Build.0 = Release|Linux-armv5
		{39F7268A-8C23-4434-95AA-2DE39A8AEE36}.Release|Linux-armv6.ActiveCfg = Release|Linux-armv6
		{39F7268A-8C23-4434-95AA-2DE39A8AEE36}.Release|Linux-armv6.Build.0 = Release|Linux-armv6
		{39F7268A-8C23-4434-95AA-2DE39A8AEE36}.Release|Linux-armv7.ActiveCfg = Release|Linux-armv7
		{39F7268A-8C23-4434-95AA-2DE39A8AEE36}.Release|Linux-armv7.Build.0 = Release|Linux-armv7
		{39F7268A-8C23-4434-95AA-2DE39A8AEE36}.Release|Linux-x64.ActiveCfg = Release|Linux-x64
		{39F7268A-8C23-4434-95AA-2DE39A8AEE36}.Release|Linux-x64.Build.0 = Release|Linux-x64
		{39F7268A-8C23-4434-95AA-2DE39A8AEE36}.Release|Linux-x86.ActiveCfg = Release|Linux-x86
		{39F7268A-8C23-4434-95AA-2DE39A8AEE36}.Release|Linux-x86.Build.0 = Release|Linux-x86
		{39F7268A-8C23-4434-95AA-2DE39A8AEE36}.Release|Mac-x64.ActiveCfg = Release|Mac-x64
		{39F7268A-8C23-4434-95AA-2DE39A8AEE36}.Release|Mac-x64.Build.0 = Release|Mac-x64
		{39F7268A-8C23-4434-95AA-2DE39A8AEE36}.Release|Mac-x86.ActiveCfg = Release|Mac-x86
		{39F7268A-8C23-4434-95AA-2DE39A8AEE36}.Release|Mac-x86.Build.0 = Release|Mac-x86
		{39F7268A-8C23-4434-95AA-2DE39A8AEE36}.Release|Windows-x86.ActiveCfg = Release|Windows-x86
		{39F7268A-8C23-4434-95AA-2DE39A8AEE36}.Release|Windows-x86.Build.0 = Release|Windows-x86
		{387D7BAA-9FE6-4E11-88DC-BA44F6FC44E2}.Debug|iOs-armv6.ActiveCfg = Debug|iOs-armv6
		{387D7BAA-9FE6-4E11-88DC-BA44F6FC44E2}.Debug|iOs-armv6.Build.0 = Debug|iOs-armv6
		{387D7BAA-9FE6-4E11-88DC-BA44F6FC44E2}.Debug|iOs-armv7.ActiveCfg = Debug|iOs-armv7
		{387D7BAA-9FE6-4E11-88DC-BA44F6FC44E2}.Debug|iOs-armv7.Build.0 = Debug|iOs-armv7
		{387D7BAA-9FE6-4E11-88DC-BA44F6FC44E2}.Debug|iOs-x86.ActiveCfg = Debug|iOs-x86
		{387D7BAA-9FE6-4E11-88DC-BA44F6FC44E2}.Debug|iOs-x86.Build.0 = Debug|iOs-x86
		{387D7BAA-9FE6-4E11-88DC-BA44F6FC44E2}.Debug|Linux-armv5.ActiveCfg = Debug|Linux-armv5
		{387D7BAA-9FE6-4E11-88DC-BA44F6FC44E2}.Debug|Linux-armv5.Build.0 = Debug|Linux-armv5
		{387D7BAA-9FE6-4E11-88DC-BA44F6FC44E2}.Debug|Linux-armv6.ActiveCfg = Debug|Linux-armv6
		{387D7BAA-9FE6-4E11-88DC-BA44F6FC44E2}.Debug|Linux-armv6.Build.0 = Debug|Linux-armv6
		{387D7BAA-9FE6-4E11-88DC-BA44F6FC44E2}.Debug|Linux-armv7.ActiveCfg = Debug|Linux-armv7
		{387D7BAA-9FE6-4E11-88DC-BA44F6FC44E2}.Debug|Linux-armv7.Build.0 = Debug|Linux-armv7
		{387D7BAA-9FE6-4E11-88DC-BA44F6FC44E2}.Debug|Linux-x64.ActiveCfg = Debug|Linux-x64
		{387D7BAA-9FE6-4E11-88DC-BA44F6FC44E2}.Debug|Linux-x64.Build.0 = Debug|Linux-x64
		{387D7BAA-9FE6-4E11-88DC-BA44F6FC44E2}.Debug|Linux-x86.ActiveCfg = Debug|Linux-x86
		{387D7BAA-9FE6-4E11-88DC-BA44F6FC44E2}.Debug|Linux-x86.Build.0 = Debug|Linux-x86
		{387D7BAA-9FE6-4E11-88DC-BA44F6FC44E2}.Debug|Mac-x64.ActiveCfg = Debug|Mac-x64
		{387D7BAA-9FE6-4E11-88DC-BA44F6FC44E2}.Debug|Mac-x64.Build.0 = Debug|Mac-x64
		{387D7BAA-9FE6-4E11-88DC-BA44F6FC44E2}.Debug|Mac-x86.ActiveCfg = Debug|Mac-x86
		{387D7BAA-9FE6-4E11-88DC-BA44F6FC44E2}.Debug|Mac-x86.Build.0 = Debug|Mac-x86
		{387D7BAA-9FE6-4E11-88DC-BA44F6FC44E2}.Debug|Windows-x86.ActiveCfg = Debug|Windows-x86
		{387D7BAA-9FE6-4E11-88DC-BA44F6FC44E2}.Debug|Windows-x86.Build.0 = Debug|Windows-x86
		{387D7BAA-9FE6-4E11-88DC-BA44F6FC44E2}.Release|iOs-armv6.ActiveCfg = Release|iOs-armv6
		{387D7BAA-9FE6-4E11-88DC-BA44F6FC44E2}.Release|iOs-armv6.Build.0 = Release|iOs-armv6
		{387D7BAA-9FE6-4E11-88DC-BA44F6FC44E2}.Release|iOs-armv7.ActiveCfg = Release|iOs-armv7
		{387D7BAA-9FE6-4E11-88DC-BA44F6FC44E2}.Release|iOs-armv7.Build.0 = Release|iOs-armv7
		{387D7BAA-9FE6-4E11-88DC-BA44F6FC44E2}.Release|iOs-x86.ActiveCfg = Release|iOs-x86
		{387D7BAA-9FE6-4E11-88DC-BA44F6FC44E2}.Release|iOs-x86.Build.0 = Release|iOs-x86
		{387D7BAA-9FE6-4E11-88DC-BA44F6FC44E2}.Release|Linux-armv5.ActiveCfg = Release|Linux-armv5
		{387D7BAA-9FE6-4E11-88DC-BA44F6FC44E2}.Release|Linux-armv5.Build.0 = Release|Linux-armv5
		{387D7BAA-9FE6-4E11-88DC-BA44F6FC44E2}.Release|Linux-armv6.ActiveCfg = Release|Linux-armv6
		{387D7BAA-9FE6-4E11-88DC-BA44F6FC44E2}.Release|Linux-armv6.Build.0 = Release|Linux-armv6
		{387D7BAA-9FE6-4E11-88DC-BA44F6FC44E2}.Release|Linux-armv7.ActiveCfg = Release|Linux-armv7
		{387D7BAA-9FE6-4E11-88DC-BA44F6FC44E2}.Release|Linux-armv7.Build.0 = Release|Linux-armv7
		{387D7BAA-9FE6-4E11-88DC-BA44F6FC44E2}.Release|Linux-x64.ActiveCfg = Release|Linux-x64
		{387D7BAA-9FE6-4E11-88DC-BA44F6FC44E2}.Release|Linux-x64.Build.0 = Release|Linux-x64
		{387D7BAA-9FE6-4E11-88DC-BA44F6FC44E2}.Release|Linux-x86.ActiveCfg = Release|Linux-x86
		{387D7BAA-9FE6-4E11-88DC-BA44F6FC44E2}.Release|Linux-x86.Build.0 = Release|Linux-x86
		{387D7BAA-9FE6-4E11-88DC-BA44F6FC44E2}.Release|Mac-x64.ActiveCfg = Release|Mac-x64
		{387D7BAA-9FE6-4E11-88DC-BA44F6FC44E2}.Release|Mac-x64.Build.0 = Release|Mac-x64
		{387D7BAA-9FE6-4E11-88DC-BA44F6FC44E2}.Release|Mac-x86.ActiveCfg = Release|Mac-x86
		{387D7BAA-9FE6-4E11-88DC-BA44F6FC44E2}.Release|Mac-x86.Build.0 = Release|Mac-x86
		{387D7BAA-9FE6-4E11-88DC-BA44F6FC44E2}.Release|Windows-x86.ActiveCfg = Release|Windows-x86
		{387D7BAA-9FE6-4E11-88DC-BA44F6FC44E2}.Release|Windows-x86.Build.0 = Release|Windows-x86
		{90D9B4DC-2581-4443-8E3D-7381E5227EB3}.Debug|iOs-armv6.ActiveCfg = Debug|Any CPU
		{90D9B4DC-2581-4443-8E3D-7381E5227EB3}.Debug|iOs-armv6.Build.0 = Debug|Any CPU
		{90D9B4DC-2581-4443-8E3D-7381E5227EB3}.Debug|iOs-armv7.ActiveCfg = Debug|Any CPU
		{90D9B4DC-2581-4443-8E3D-7381E5227EB3}.Debug|iOs-armv7.Build.0 = Debug|Any CPU
		{90D9B4DC-2581-4443-8E3D-7381E5227EB3}.Debug|iOs-x86.ActiveCfg = Debug|Any CPU
		{90D9B4DC-2581-4443-8E3D-7381E5227EB3}.Debug|iOs-x86.Build.0 = Debug|Any CPU
		{90D9B4DC-2581-4443-8E3D-7381E5227EB3}.Debug|Linux-armv5.ActiveCfg = Debug|Any CPU
		{90D9B4DC-2581-4443-8E3D-7381E5227EB3}.Debug|Linux-armv5.Build.0 = Debug|Any CPU
		{90D9B4DC-2581-4443-8E3D-7381E5227EB3}.Debug|Linux-armv6.ActiveCfg = Debug|Any CPU
		{90D9B4DC-2581-4443-8E3D-7381E5227EB3}.Debug|Linux-armv6.Build.0 = Debug|Any CPU
		{90D9B4DC-2581-4443-8E3D-7381E5227EB3}.Debug|Linux-armv7.ActiveCfg = Debug|Any CPU
		{90D9B4DC-2581-4443-8E3D-7381E5227EB3}.Debug|Linux-armv7.Build.0 = Debug|Any CPU
		{90D9B4DC-2581-4443-8E3D-7381E5227EB3}.Debug|Linux-x64.ActiveCfg = Debug|Any CPU
		{90D9B4DC-2581-4443-8E3D-7381E5227EB3}.Debug|Linux-x64.Build.0 = Debug|Any CPU
		{90D9B4DC-2581-4443-8E3D-7381E5227EB3}.Debug|Linux-x86.ActiveCfg = Debug|Any CPU
		{90D9B4DC-2581-4443-8E3D-7381E5227EB3}.Debug|Linux-x86.Build.0 = Debug|Any CPU
		{90D9B4DC-2581-4443-8E3D-7381E5227EB3}.Debug|Mac-x64.ActiveCfg = Debug|Any CPU
		{90D9B4DC-2581-4443-8E3D-7381E5227EB3}.Debug|Mac-x64.Build.0 = Debug|Any CPU
		{90D9B4DC-2581-4443-8E3D-7381E5227EB3}.Debug|Mac-x86.ActiveCfg = Debug|Any CPU
		{90D9B4DC-2581-4443-8E3D-7381E5227EB3}.Debug|Mac-x86.Build.0 = Debug|Any CPU
		{90D9B4DC-2581-4443-8E3D-7381E5227EB3}.Debug|Windows-x86.ActiveCfg = Debug|Any CPU
		{90D9B4DC-2581-4443-8E3D-7381E5227EB3}.Debug|Windows-x86.Build.0 = Debug|Any CPU
		{90D9B4DC-2581-4443-8E3D-7381E5227EB3}.Release|iOs-armv6.ActiveCfg = Release|Any CPU
		{90D9B4DC-2581-4443-8E3D-7381E5227EB3}.Release|iOs-armv6.Build.0 = Release|Any CPU
		{90D9B4DC-2581-4443-8E3D-7381E5227EB3}.Release|iOs-armv7.ActiveCfg = Release|Any CPU
		{90D9B4DC-2581-4443-8E3D-7381E5227EB3}.Release|iOs-armv7.Build.0 = Release|Any CPU
		{90D9B4DC-2581-4443-8E3D-7381E5227EB3}.Release|iOs-x86.ActiveCfg = Release|Any CPU
		{90D9B4DC-2581-4443-8E3D-7381E5227EB3}.Release|iOs-x86.Build.0 = Release|Any CPU
		{90D9B4DC-2581-4443-8E3D-7381E5227EB3}.Release|Linux-armv5.ActiveCfg = Release|Any CPU
		{90D9B4DC-2581-4443-8E3D-7381E5227EB3}.Release|Linux-armv5.Build.0 = Release|Any CPU
		{90D9B4DC-2581-4443-8E3D-7381E5227EB3}.Release|Linux-armv6.ActiveCfg = Release|Any CPU
		{90D9B4DC-2581-4443-8E3D-7381E5227EB3}.Release|Linux-armv6.Build.0 = Release|Any CPU
		{90D9B4DC-2581-4443-8E3D-7381E5227EB3}.Release|Linux-armv7.ActiveCfg = Release|Any CPU
		{90D9B4DC-2581-4443-8E3D-7381E5227EB3}.Release|Linux-armv7.Build.0 = Release|Any CPU
		{90D9B4DC-2581-4443-8E3D-7381E5227EB3}.Release|Linux-x64.ActiveCfg = Release|Any CPU
		{90D9B4DC-2581-4443-8E3D-7381E5227EB3}.Release|Linux-x64.Build.0 = Release|Any CPU
		{90D9B4DC-2581-4443-8E3D-7381E5227EB3}.Release|Linux-x86.ActiveCfg = Release|Any CPU
		{90D9B4DC-2581-4443-8E3D-7381E5227EB3}.Release|Linux-x86.Build.0 = Release|Any CPU
		{90D9B4DC-2581-4443-8E3D-7381E5227EB3}.Release|Mac-x64.ActiveCfg = Release|Any CPU
		{90D9B4DC-2581-4443-8E3D-7381E5227EB3}.Release|Mac-x64.Build.0 = Release|Any CPU
		{90D9B4DC-2581-4443-8E3D-7381E5227EB3}.Release|Mac-x86.ActiveCfg = Release|Any CPU
		{90D9B4DC-2581-4443-8E3D-7381E5227EB3}.Release|Mac-x86.Build.0 = Release|Any CPU
		{90D9B4DC-2581-4443-8E3D-7381E5227EB3}.Release|Windows-x86.ActiveCfg = Release|Any CPU
		{90D9B4DC-2581-4443-8E3D-7381E5227EB3}.Release|Windows-x86.Build.0 = Release|Any CPU
	EndGlobalSection
	GlobalSection(SolutionProperties) = preSolution
		HideSolutionNode = FALSE
	EndGlobalSection
EndGlobal
